
Microsoft Visual Studio Solution File, Format Version 12.00
# Visual Studio Version 16
VisualStudioVersion = 16.0.29209.152
MinimumVisualStudioVersion = 10.0.40219.1
Project("{FAE04EC0-301F-11D3-BF4B-00C04F79EFBC}") = "IonicZipSrc", "IonicZipSrc.csproj", "{474DCFAA-BDAA-4592-B043-870D4938BEBD}"
EndProject
Global
	GlobalSection(SolutionConfigurationPlatforms) = preSolution
		Debug|Any CPU = Debug|Any CPU
		Release|Any CPU = Release|Any CPU
	EndGlobalSection
	GlobalSection(ProjectConfigurationPlatforms) = postSolution
		{474DCFAA-BDAA-4592-B043-870D4938BEBD}.Debug|Any CPU.ActiveCfg = Debug|Any CPU
		{474DCFAA-BDAA-4592-B043-870D4938BEBD}.Debug|Any CPU.Build.0 = Debug|Any CPU
		{474DCFAA-BDAA-4592-B043-870D4938BEBD}.Release|Any CPU.ActiveCfg = Release|Any CPU
		{474DCFAA-BDAA-4592-B043-870D4938BEBD}.Release|Any CPU.Build.0 = Release|Any CPU
	EndGlobalSection
	GlobalSection(SolutionProperties) = preSolution
		HideSolutionNode = FALSE
	EndGlobalSection
	GlobalSection(ExtensibilityGlobals) = postSolution
		SolutionGuid = {AA16D33A-8710-46E6-BE87-438CF6C5934F}
	EndGlobalSection
EndGlobal
