
Microsoft Visual Studio Solution File, Format Version 12.00
# Visual Studio Version 16
VisualStudioVersion = 16.0.30611.23
MinimumVisualStudioVersion = 10.0.40219.1
Project("{FAE04EC0-301F-11D3-BF4B-00C04F79EFBC}") = "cs-ahill-app", "cs-ahill-app.csproj", "{FA991BDF-D15F-4CF8-9FAA-BC811277AE3C}"
EndProject
Global
	GlobalSection(SolutionConfigurationPlatforms) = preSolution
		Debug|Any CPU = Debug|Any CPU
		Release|Any CPU = Release|Any CPU
	EndGlobalSection
	GlobalSection(ProjectConfigurationPlatforms) = postSolution
		{FA991BDF-D15F-4CF8-9FAA-BC811277AE3C}.Debug|Any CPU.ActiveCfg = Debug|Any CPU
		{FA991BDF-D15F-4CF8-9FAA-BC811277AE3C}.Debug|Any CPU.Build.0 = Debug|Any CPU
		{FA991BDF-D15F-4CF8-9FAA-BC811277AE3C}.Release|Any CPU.ActiveCfg = Release|Any CPU
		{FA991BDF-D15F-4CF8-9FAA-BC811277AE3C}.Release|Any CPU.Build.0 = Release|Any CPU
	EndGlobalSection
	GlobalSection(SolutionProperties) = preSolution
		HideSolutionNode = FALSE
	EndGlobalSection
	GlobalSection(ExtensibilityGlobals) = postSolution
		SolutionGuid = {F50FA12B-AB95-4E92-8375-8D57F633FFA3}
	EndGlobalSection
EndGlobal
